
Microsoft Visual Studio Solution File, Format Version 12.00
# Visual Studio Version 17
VisualStudioVersion = 17.0.31912.275
MinimumVisualStudioVersion = 10.0.40219.1
Project("{9A19103F-16F7-4668-BE54-9A1E7A4F7556}") = "Sopheon.CloudNative.Environments.Domain", "Sopheon.CloudNative.Environments.Domain\Sopheon.CloudNative.Environments.Domain.csproj", "{B43B0294-4789-43C2-A853-0C5A6486CC51}"
EndProject
Project("{9A19103F-16F7-4668-BE54-9A1E7A4F7556}") = "Sopheon.CloudNative.Environments.Functions", "Sopheon.CloudNative.Environments.Functions\Sopheon.CloudNative.Environments.Functions.csproj", "{3DE5C83A-0625-471B-B646-86D3E7011B92}"
EndProject
Project("{9A19103F-16F7-4668-BE54-9A1E7A4F7556}") = "Sopheon.CloudNative.Environments.Functions.UnitTests", "Sopheon.CloudNative.Environments.Functions.UnitTests\Sopheon.CloudNative.Environments.Functions.UnitTests.csproj", "{FD5A9BDD-D8D9-4601-BAD4-4535CA0FBA90}"
EndProject
Project("{9A19103F-16F7-4668-BE54-9A1E7A4F7556}") = "Sopheon.CloudNative.Environments.Data.UnitTests", "Sopheon.CloudNative.Environments.Data.UnitTests\Sopheon.CloudNative.Environments.Data.UnitTests.csproj", "{F4D30533-C529-4C00-94FC-05863EE168B9}"
EndProject
Project("{9A19103F-16F7-4668-BE54-9A1E7A4F7556}") = "Sopheon.CloudNative.Environments.Data", "Sopheon.CloudNative.Environments.Data\Sopheon.CloudNative.Environments.Data.csproj", "{A4A6AE93-21F3-4EE6-B96B-6B2B16F7AEAE}"
EndProject
Project("{9A19103F-16F7-4668-BE54-9A1E7A4F7556}") = "Sopheon.CloudNative.Environments.Testing.Common", "Sopheon.CloudNative.Environments.Testing.Common\Sopheon.CloudNative.Environments.Testing.Common.csproj", "{664DE8EA-0A9D-4433-BBC2-57EE205D5F6E}"
EndProject
Project("{2150E333-8FDC-42A3-9474-1A3956D46DE8}") = "Solution Items", "Solution Items", "{F15A7CF5-3C1C-4572-8A35-CFD615C83AA7}"
	ProjectSection(SolutionItems) = preProject
		..\.editorconfig = ..\.editorconfig
		README.md = README.md
	EndProjectSection
EndProject
Project("{9A19103F-16F7-4668-BE54-9A1E7A4F7556}") = "Sopheon.CloudNative.Environments.Functions.IntegrationTests", "Sopheon.CloudNative.Environments.Functions.IntegrationTests\Sopheon.CloudNative.Environments.Functions.IntegrationTests.csproj", "{A4F3DB50-221B-4FB8-AADA-B0B7BE39B406}"
EndProject
Project("{9A19103F-16F7-4668-BE54-9A1E7A4F7556}") = "Sopheon.CloudNative.Environments.Utility", "Sopheon.CloudNative.Environments.Utility\Sopheon.CloudNative.Environments.Utility.csproj", "{659D37DA-1DC2-4409-9A71-CAD89DB09DDA}"
EndProject
Project("{9A19103F-16F7-4668-BE54-9A1E7A4F7556}") = "Sopheon.CloudNative.Environments.DurableFunctions", "Sopheon.CloudNative.Environments.DurableFunctions\Sopheon.CloudNative.Environments.DurableFunctions.csproj", "{E9C0014D-7985-43D2-9A12-B70FC6F16849}"
EndProject
Project("{FAE04EC0-301F-11D3-BF4B-00C04F79EFBC}") = "Sopheon.CloudNative.Environments.DurableFunctions.UnitTests", "Sopheon.CloudNative.Environments.DurableFunctions.UnitTests\Sopheon.CloudNative.Environments.DurableFunctions.UnitTests.csproj", "{73304C9E-FD9A-4675-8623-5E29F7479496}"
EndProject
Global
	GlobalSection(SolutionConfigurationPlatforms) = preSolution
		Debug|Any CPU = Debug|Any CPU
		Release|Any CPU = Release|Any CPU
	EndGlobalSection
	GlobalSection(ProjectConfigurationPlatforms) = postSolution
		{B43B0294-4789-43C2-A853-0C5A6486CC51}.Debug|Any CPU.ActiveCfg = Debug|Any CPU
		{B43B0294-4789-43C2-A853-0C5A6486CC51}.Debug|Any CPU.Build.0 = Debug|Any CPU
		{B43B0294-4789-43C2-A853-0C5A6486CC51}.Release|Any CPU.ActiveCfg = Release|Any CPU
		{B43B0294-4789-43C2-A853-0C5A6486CC51}.Release|Any CPU.Build.0 = Release|Any CPU
		{3DE5C83A-0625-471B-B646-86D3E7011B92}.Debug|Any CPU.ActiveCfg = Debug|Any CPU
		{3DE5C83A-0625-471B-B646-86D3E7011B92}.Debug|Any CPU.Build.0 = Debug|Any CPU
		{3DE5C83A-0625-471B-B646-86D3E7011B92}.Release|Any CPU.ActiveCfg = Release|Any CPU
		{3DE5C83A-0625-471B-B646-86D3E7011B92}.Release|Any CPU.Build.0 = Release|Any CPU
		{FD5A9BDD-D8D9-4601-BAD4-4535CA0FBA90}.Debug|Any CPU.ActiveCfg = Debug|Any CPU
		{FD5A9BDD-D8D9-4601-BAD4-4535CA0FBA90}.Debug|Any CPU.Build.0 = Debug|Any CPU
		{FD5A9BDD-D8D9-4601-BAD4-4535CA0FBA90}.Release|Any CPU.ActiveCfg = Release|Any CPU
		{FD5A9BDD-D8D9-4601-BAD4-4535CA0FBA90}.Release|Any CPU.Build.0 = Release|Any CPU
		{F4D30533-C529-4C00-94FC-05863EE168B9}.Debug|Any CPU.ActiveCfg = Debug|Any CPU
		{F4D30533-C529-4C00-94FC-05863EE168B9}.Debug|Any CPU.Build.0 = Debug|Any CPU
		{F4D30533-C529-4C00-94FC-05863EE168B9}.Release|Any CPU.ActiveCfg = Release|Any CPU
		{F4D30533-C529-4C00-94FC-05863EE168B9}.Release|Any CPU.Build.0 = Release|Any CPU
		{A4A6AE93-21F3-4EE6-B96B-6B2B16F7AEAE}.Debug|Any CPU.ActiveCfg = Debug|Any CPU
		{A4A6AE93-21F3-4EE6-B96B-6B2B16F7AEAE}.Debug|Any CPU.Build.0 = Debug|Any CPU
		{A4A6AE93-21F3-4EE6-B96B-6B2B16F7AEAE}.Release|Any CPU.ActiveCfg = Release|Any CPU
		{A4A6AE93-21F3-4EE6-B96B-6B2B16F7AEAE}.Release|Any CPU.Build.0 = Release|Any CPU
		{664DE8EA-0A9D-4433-BBC2-57EE205D5F6E}.Debug|Any CPU.ActiveCfg = Debug|Any CPU
		{664DE8EA-0A9D-4433-BBC2-57EE205D5F6E}.Debug|Any CPU.Build.0 = Debug|Any CPU
		{664DE8EA-0A9D-4433-BBC2-57EE205D5F6E}.Release|Any CPU.ActiveCfg = Release|Any CPU
		{664DE8EA-0A9D-4433-BBC2-57EE205D5F6E}.Release|Any CPU.Build.0 = Release|Any CPU
		{A4F3DB50-221B-4FB8-AADA-B0B7BE39B406}.Debug|Any CPU.ActiveCfg = Debug|Any CPU
		{A4F3DB50-221B-4FB8-AADA-B0B7BE39B406}.Debug|Any CPU.Build.0 = Debug|Any CPU
		{A4F3DB50-221B-4FB8-AADA-B0B7BE39B406}.Release|Any CPU.ActiveCfg = Release|Any CPU
		{A4F3DB50-221B-4FB8-AADA-B0B7BE39B406}.Release|Any CPU.Build.0 = Release|Any CPU
		{659D37DA-1DC2-4409-9A71-CAD89DB09DDA}.Debug|Any CPU.ActiveCfg = Debug|Any CPU
		{659D37DA-1DC2-4409-9A71-CAD89DB09DDA}.Debug|Any CPU.Build.0 = Debug|Any CPU
		{659D37DA-1DC2-4409-9A71-CAD89DB09DDA}.Release|Any CPU.ActiveCfg = Release|Any CPU
		{659D37DA-1DC2-4409-9A71-CAD89DB09DDA}.Release|Any CPU.Build.0 = Release|Any CPU
		{E9C0014D-7985-43D2-9A12-B70FC6F16849}.Debug|Any CPU.ActiveCfg = Debug|Any CPU
		{E9C0014D-7985-43D2-9A12-B70FC6F16849}.Debug|Any CPU.Build.0 = Debug|Any CPU
		{E9C0014D-7985-43D2-9A12-B70FC6F16849}.Release|Any CPU.ActiveCfg = Release|Any CPU
		{E9C0014D-7985-43D2-9A12-B70FC6F16849}.Release|Any CPU.Build.0 = Release|Any CPU
		{73304C9E-FD9A-4675-8623-5E29F7479496}.Debug|Any CPU.ActiveCfg = Debug|Any CPU
		{73304C9E-FD9A-4675-8623-5E29F7479496}.Debug|Any CPU.Build.0 = Debug|Any CPU
		{73304C9E-FD9A-4675-8623-5E29F7479496}.Release|Any CPU.ActiveCfg = Release|Any CPU
		{73304C9E-FD9A-4675-8623-5E29F7479496}.Release|Any CPU.Build.0 = Release|Any CPU
	EndGlobalSection
	GlobalSection(SolutionProperties) = preSolution
		HideSolutionNode = FALSE
	EndGlobalSection
	GlobalSection(ExtensibilityGlobals) = postSolution
		SolutionGuid = {7092C46C-296D-45A9-BDC0-BC484A89960F}
	EndGlobalSection
EndGlobal
